
Microsoft Visual Studio Solution File, Format Version 12.00
Project("{FAE04EC0-301F-11D3-BF4B-00C04F79EFBC}") = "FunctionsBugRepro", "FunctionsBugRepro\FunctionsBugRepro.csproj", "{EF54FAA0-5371-4819-B82C-D1CA696DDEA3}"
EndProject
Global
	GlobalSection(SolutionConfigurationPlatforms) = preSolution
		Debug|Any CPU = Debug|Any CPU
		Release|Any CPU = Release|Any CPU
	EndGlobalSection
	GlobalSection(ProjectConfigurationPlatforms) = postSolution
		{EF54FAA0-5371-4819-B82C-D1CA696DDEA3}.Debug|Any CPU.ActiveCfg = Debug|Any CPU
		{EF54FAA0-5371-4819-B82C-D1CA696DDEA3}.Debug|Any CPU.Build.0 = Debug|Any CPU
		{EF54FAA0-5371-4819-B82C-D1CA696DDEA3}.Release|Any CPU.ActiveCfg = Release|Any CPU
		{EF54FAA0-5371-4819-B82C-D1CA696DDEA3}.Release|Any CPU.Build.0 = Release|Any CPU
	EndGlobalSection
EndGlobal
